// !$*UTF8*$!
{
	archiveVersion = 1;
	classes = {
	};
	objectVersion = 77;
	objects = {

/* Begin PBXBuildFile section */
		40A77A482F3CD39800BC4E39 /* GlassCard.swift in Sources */ = {isa = PBXBuildFile; fileRef = 40A77A382F3CD39800BC4E39 /* GlassCard.swift */; };
		40A77A492F3CD39800BC4E39 /* ProgressIndicator.swift in Sources */ = {isa = PBXBuildFile; fileRef = 40A77A3A2F3CD39800BC4E39 /* ProgressIndicator.swift */; };
		40A77A4B2F3CD39800BC4E39 /* LockedInApp.swift in Sources */ = {isa = PBXBuildFile; fileRef = 40A77A362F3CD39800BC4E39 /* LockedInApp.swift */; };
		40A77A4C2F3CD39800BC4E39 /* PrimaryButton.swift in Sources */ = {isa = PBXBuildFile; fileRef = 40A77A392F3CD39800BC4E39 /* PrimaryButton.swift */; };
		40A77A4F2F3CD39800BC4E39 /* Theme.swift in Sources */ = {isa = PBXBuildFile; fileRef = 40A77A3C2F3CD39800BC4E39 /* Theme.swift */; };
		40A77A542F3CD49800BC4E39 /* Locked_INApp.swift in Sources */ = {isa = PBXBuildFile; fileRef = 40A77A532F3CD49800BC4E39 /* Locked_INApp.swift */; };
		40A77A592F3CD80000BC4E39 /* Assets.xcassets in Resources */ = {isa = PBXBuildFile; fileRef = 40A77A5A2F3CD80000BC4E39 /* Assets.xcassets */; };
		40A77A612F3CF00000BC4E39 /* OnboardingShellView.swift in Sources */ = {isa = PBXBuildFile; fileRef = 40A77A622F3CF00000BC4E39 /* OnboardingShellView.swift */; };
		40A77A632F3CF00000BC4E39 /* OnboardingShellViewModel.swift in Sources */ = {isa = PBXBuildFile; fileRef = 40A77A642F3CF00000BC4E39 /* OnboardingShellViewModel.swift */; };
		40A77A652F3CF00000BC4E39 /* IdentityWarningContentView.swift in Sources */ = {isa = PBXBuildFile; fileRef = 40A77A662F3CF00000BC4E39 /* IdentityWarningContentView.swift */; };
		40A77A672F3CF00000BC4E39 /* FailureLoopContentView.swift in Sources */ = {isa = PBXBuildFile; fileRef = 40A77A682F3CF00000BC4E39 /* FailureLoopContentView.swift */; };
		40A77A692F3D000000BC4E39 /* CoreDifferentiationContentView.swift in Sources */ = {isa = PBXBuildFile; fileRef = 40A77A6A2F3D000000BC4E39 /* CoreDifferentiationContentView.swift */; };
		40A77A6B2F3D100000BC4E39 /* UserHistoryContentView.swift in Sources */ = {isa = PBXBuildFile; fileRef = 40A77A6C2F3D100000BC4E39 /* UserHistoryContentView.swift */; };
		40A77A6D2F3D200000BC4E39 /* NonNegotiablesContentView.swift in Sources */ = {isa = PBXBuildFile; fileRef = 40A77A6E2F3D200000BC4E39 /* NonNegotiablesContentView.swift */; };
		40A77A6F2F3D300000BC4E39 /* NonNegotiableCard.swift in Sources */ = {isa = PBXBuildFile; fileRef = 40A77A702F3D300000BC4E39 /* NonNegotiableCard.swift */; };
		40A77A712F3D400000BC4E39 /* CreateNonNegotiableContentView.swift in Sources */ = {isa = PBXBuildFile; fileRef = 40A77A722F3D400000BC4E39 /* CreateNonNegotiableContentView.swift */; };
		40A77A732F3D500000BC4E39 /* AIRegulatorContentView.swift in Sources */ = {isa = PBXBuildFile; fileRef = 40A77A742F3D500000BC4E39 /* AIRegulatorContentView.swift */; };
		40A77A752F3D600000BC4E39 /* CommitmentAgreementContentView.swift in Sources */ = {isa = PBXBuildFile; fileRef = 40A77A762F3D600000BC4E39 /* CommitmentAgreementContentView.swift */; };
		40A77A7B2F3D900000BC4E39 /* PaywallContentView.swift in Sources */ = {isa = PBXBuildFile; fileRef = 40A77A7A2F3D900000BC4E39 /* PaywallContentView.swift */; };
		40A77A772F3D700000BC4E39 /* Fonts/Inter-VariableFont_opsz,wght.ttf in Resources */ = {isa = PBXBuildFile; fileRef = 40A77A782F3D700000BC4E39 /* Fonts/Inter-VariableFont_opsz,wght.ttf */; };
		40A77A7C2F3DA00000BC4E39 /* OnboardingStep.swift in Sources */ = {isa = PBXBuildFile; fileRef = 40A77A7D2F3DA00000BC4E39 /* OnboardingStep.swift */; };
		40A77A7E2F3DA10000BC4E39 /* OnboardingData.swift in Sources */ = {isa = PBXBuildFile; fileRef = 40A77A7F2F3DA10000BC4E39 /* OnboardingData.swift */; };
		40A77A802F3DA20000BC4E39 /* OnboardingEngine.swift in Sources */ = {isa = PBXBuildFile; fileRef = 40A77A812F3DA20000BC4E39 /* OnboardingEngine.swift */; };
		40A77A822F3DA30000BC4E39 /* AIServiceProtocol.swift in Sources */ = {isa = PBXBuildFile; fileRef = 40A77A832F3DA30000BC4E39 /* AIServiceProtocol.swift */; };
		40A77A8D2F3DB10000BC4E39 /* OnboardingFlow.swift in Sources */ = {isa = PBXBuildFile; fileRef = 40A77A892F3DB10000BC4E39 /* OnboardingFlow.swift */; };
		40A77A8E2F3DB20000BC4E39 /* UserHistoryViewModel.swift in Sources */ = {isa = PBXBuildFile; fileRef = 40A77A8A2F3DB20000BC4E39 /* UserHistoryViewModel.swift */; };
		40A77A8F2F3DB30000BC4E39 /* CreateNonNegotiableViewModel.swift in Sources */ = {isa = PBXBuildFile; fileRef = 40A77A8B2F3DB30000BC4E39 /* CreateNonNegotiableViewModel.swift */; };
		40A77A902F3DB40000BC4E39 /* CommitmentAgreementViewModel.swift in Sources */ = {isa = PBXBuildFile; fileRef = 40A77A8C2F3DB40000BC4E39 /* CommitmentAgreementViewModel.swift */; };
		40A77A912F3DB50000BC4E39 /* OnboardingPresentationConfig.swift in Sources */ = {isa = PBXBuildFile; fileRef = 40A77A922F3DB50000BC4E39 /* OnboardingPresentationConfig.swift */; };
		40A77A912F3DB50000BC4E39 /* OnboardingPresentationConfig.swift in Sources */ = {isa = PBXBuildFile; fileRef = 40A77A922F3DB50000BC4E39 /* OnboardingPresentationConfig.swift */; };
/* End PBXBuildFile section */

/* Begin PBXFileReference section */
		40A779F22F3CCA1E00BC4E39 /* LockedIn.app */ = {isa = PBXFileReference; explicitFileType = wrapper.application; includeInIndex = 0; path = LockedIn.app; sourceTree = BUILT_PRODUCTS_DIR; };
		40A77A362F3CD39800BC4E39 /* LockedInApp.swift */ = {isa = PBXFileReference; lastKnownFileType = sourcecode.swift; path = LockedInApp.swift; sourceTree = "<group>"; };
		40A77A382F3CD39800BC4E39 /* GlassCard.swift */ = {isa = PBXFileReference; lastKnownFileType = sourcecode.swift; path = GlassCard.swift; sourceTree = "<group>"; };
		40A77A392F3CD39800BC4E39 /* PrimaryButton.swift */ = {isa = PBXFileReference; lastKnownFileType = sourcecode.swift; path = PrimaryButton.swift; sourceTree = "<group>"; };
		40A77A3A2F3CD39800BC4E39 /* ProgressIndicator.swift */ = {isa = PBXFileReference; lastKnownFileType = sourcecode.swift; path = ProgressIndicator.swift; sourceTree = "<group>"; };
		40A77A3C2F3CD39800BC4E39 /* Theme.swift */ = {isa = PBXFileReference; lastKnownFileType = sourcecode.swift; path = Theme.swift; sourceTree = "<group>"; };
		40A77A532F3CD49800BC4E39 /* Locked_INApp.swift */ = {isa = PBXFileReference; lastKnownFileType = sourcecode.swift; path = Locked_INApp.swift; sourceTree = "<group>"; };
		40A77A5A2F3CD80000BC4E39 /* Assets.xcassets */ = {isa = PBXFileReference; lastKnownFileType = folder.assetcatalog; name = Assets.xcassets; path = LockedIn/Resources/Assets.xcassets; sourceTree = SOURCE_ROOT; };
		40A77A782F3D700000BC4E39 /* Fonts/Inter-VariableFont_opsz,wght.ttf */ = {isa = PBXFileReference; lastKnownFileType = file; name = "Inter-VariableFont_opsz,wght.ttf"; path = "LockedIn/Resources/Fonts/Inter-VariableFont_opsz,wght.ttf"; sourceTree = SOURCE_ROOT; };
		40A77A792F3D800000BC4E39 /* Info.plist */ = {isa = PBXFileReference; lastKnownFileType = text.plist.xml; name = Info.plist; path = LockedIn/Resources/Info.plist; sourceTree = SOURCE_ROOT; };

		40A77A7D2F3DA00000BC4E39 /* OnboardingStep.swift */ = {isa = PBXFileReference; lastKnownFileType = sourcecode.swift; name = OnboardingStep.swift; path = LockedIn/Domain/Models/OnboardingStep.swift; sourceTree = SOURCE_ROOT; };
		40A77A7F2F3DA10000BC4E39 /* OnboardingData.swift */ = {isa = PBXFileReference; lastKnownFileType = sourcecode.swift; path = OnboardingData.swift; sourceTree = "<group>"; };
		40A77A812F3DA20000BC4E39 /* OnboardingEngine.swift */ = {isa = PBXFileReference; lastKnownFileType = sourcecode.swift; path = OnboardingEngine.swift; sourceTree = "<group>"; };
		40A77A832F3DA30000BC4E39 /* AIServiceProtocol.swift */ = {isa = PBXFileReference; lastKnownFileType = sourcecode.swift; path = AIServiceProtocol.swift; sourceTree = "<group>"; };
		40A77A892F3DB10000BC4E39 /* OnboardingFlow.swift */ = {isa = PBXFileReference; lastKnownFileType = sourcecode.swift; name = OnboardingFlow.swift; path = LockedIn/Domain/Engines/OnboardingFlow.swift; sourceTree = SOURCE_ROOT; };
		40A77A8A2F3DB20000BC4E39 /* UserHistoryViewModel.swift */ = {isa = PBXFileReference; lastKnownFileType = sourcecode.swift; name = UserHistoryViewModel.swift; path = LockedIn/Features/Onboarding/SubFeatures/UserHistory/ViewModels/UserHistoryViewModel.swift; sourceTree = SOURCE_ROOT; };
		40A77A8B2F3DB30000BC4E39 /* CreateNonNegotiableViewModel.swift */ = {isa = PBXFileReference; lastKnownFileType = sourcecode.swift; name = CreateNonNegotiableViewModel.swift; path = LockedIn/Features/Onboarding/SubFeatures/NonNegotiables/ViewModels/CreateNonNegotiableViewModel.swift; sourceTree = SOURCE_ROOT; };
		40A77A8C2F3DB40000BC4E39 /* CommitmentAgreementViewModel.swift */ = {isa = PBXFileReference; lastKnownFileType = sourcecode.swift; name = CommitmentAgreementViewModel.swift; path = LockedIn/Features/Onboarding/SubFeatures/CommitmentAgreement/ViewModels/CommitmentAgreementViewModel.swift; sourceTree = SOURCE_ROOT; };
		40A77A622F3CF00000BC4E39 /* OnboardingShellView.swift */ = {isa = PBXFileReference; lastKnownFileType = sourcecode.swift; name = OnboardingShellView.swift; path = LockedIn/Features/Onboarding/Views/OnboardingShellView.swift; sourceTree = SOURCE_ROOT; };
		40A77A642F3CF00000BC4E39 /* OnboardingShellViewModel.swift */ = {isa = PBXFileReference; lastKnownFileType = sourcecode.swift; name = OnboardingShellViewModel.swift; path = LockedIn/Features/Onboarding/ViewModels/OnboardingShellViewModel.swift; sourceTree = SOURCE_ROOT; };
		40A77A662F3CF00000BC4E39 /* IdentityWarningContentView.swift */ = {isa = PBXFileReference; lastKnownFileType = sourcecode.swift; name = IdentityWarningContentView.swift; path = LockedIn/Features/Onboarding/SubFeatures/IdentityWarning/Views/IdentityWarningContentView.swift; sourceTree = SOURCE_ROOT; };
		40A77A682F3CF00000BC4E39 /* FailureLoopContentView.swift */ = {isa = PBXFileReference; lastKnownFileType = sourcecode.swift; name = FailureLoopContentView.swift; path = LockedIn/Features/Onboarding/SubFeatures/FailureLoop/Views/FailureLoopContentView.swift; sourceTree = SOURCE_ROOT; };
		40A77A6A2F3D000000BC4E39 /* CoreDifferentiationContentView.swift */ = {isa = PBXFileReference; lastKnownFileType = sourcecode.swift; name = CoreDifferentiationContentView.swift; path = LockedIn/Features/Onboarding/SubFeatures/CoreDifferentiation/Views/CoreDifferentiationContentView.swift; sourceTree = SOURCE_ROOT; };
		40A77A6C2F3D100000BC4E39 /* UserHistoryContentView.swift */ = {isa = PBXFileReference; lastKnownFileType = sourcecode.swift; name = UserHistoryContentView.swift; path = LockedIn/Features/Onboarding/SubFeatures/UserHistory/Views/UserHistoryContentView.swift; sourceTree = SOURCE_ROOT; };
		40A77A6E2F3D200000BC4E39 /* NonNegotiablesContentView.swift */ = {isa = PBXFileReference; lastKnownFileType = sourcecode.swift; name = NonNegotiablesContentView.swift; path = LockedIn/Features/Onboarding/SubFeatures/NonNegotiables/Views/NonNegotiablesContentView.swift; sourceTree = SOURCE_ROOT; };
		40A77A722F3D400000BC4E39 /* CreateNonNegotiableContentView.swift */ = {isa = PBXFileReference; lastKnownFileType = sourcecode.swift; name = CreateNonNegotiableContentView.swift; path = LockedIn/Features/Onboarding/SubFeatures/NonNegotiables/Views/CreateNonNegotiableContentView.swift; sourceTree = SOURCE_ROOT; };
		40A77A742F3D500000BC4E39 /* AIRegulatorContentView.swift */ = {isa = PBXFileReference; lastKnownFileType = sourcecode.swift; name = AIRegulatorContentView.swift; path = LockedIn/Features/Onboarding/SubFeatures/AIRegulator/Views/AIRegulatorContentView.swift; sourceTree = SOURCE_ROOT; };
		40A77A762F3D600000BC4E39 /* CommitmentAgreementContentView.swift */ = {isa = PBXFileReference; lastKnownFileType = sourcecode.swift; name = CommitmentAgreementContentView.swift; path = LockedIn/Features/Onboarding/SubFeatures/CommitmentAgreement/Views/CommitmentAgreementContentView.swift; sourceTree = SOURCE_ROOT; };
		40A77A7A2F3D900000BC4E39 /* PaywallContentView.swift */ = {isa = PBXFileReference; lastKnownFileType = sourcecode.swift; name = PaywallContentView.swift; path = LockedIn/Features/Onboarding/SubFeatures/Paywall/Views/PaywallContentView.swift; sourceTree = SOURCE_ROOT; };
		40A77A702F3D300000BC4E39 /* NonNegotiableCard.swift */ = {isa = PBXFileReference; lastKnownFileType = sourcecode.swift; path = NonNegotiableCard.swift; sourceTree = "<group>"; };
		40A77A922F3DB50000BC4E39 /* OnboardingPresentationConfig.swift */ = {isa = PBXFileReference; lastKnownFileType = sourcecode.swift; name = OnboardingPresentationConfig.swift; path = LockedIn/Features/Onboarding/Models/OnboardingPresentationConfig.swift; sourceTree = SOURCE_ROOT; };
		40A77A922F3DB50000BC4E39 /* OnboardingPresentationConfig.swift */ = {isa = PBXFileReference; lastKnownFileType = sourcecode.swift; name = OnboardingPresentationConfig.swift; path = LockedIn/Features/Onboarding/Models/OnboardingPresentationConfig.swift; sourceTree = SOURCE_ROOT; };
/* End PBXFileReference section */

/* Begin PBXFrameworksBuildPhase section */
		40A779EF2F3CCA1E00BC4E39 /* Frameworks */ = {
			isa = PBXFrameworksBuildPhase;
			buildActionMask = 2147483647;
			files = (
			);
			runOnlyForDeploymentPostprocessing = 0;
		};
/* End PBXFrameworksBuildPhase section */

/* Begin PBXGroup section */
		40A779E92F3CCA1E00BC4E39 = {
			isa = PBXGroup;
			children = (
				40A77A472F3CD39800BC4E39 /* LockedIn */,
				40A779F32F3CCA1E00BC4E39 /* Products */,
			);
			sourceTree = "<group>";
		};
		40A779F32F3CCA1E00BC4E39 /* Products */ = {
			isa = PBXGroup;
			children = (
				40A779F22F3CCA1E00BC4E39 /* LockedIn.app */,
			);
			name = Products;
			sourceTree = "<group>";
		};
		40A77A372F3CD39800BC4E39 /* App */ = {
			isa = PBXGroup;
			children = (
				40A77A362F3CD39800BC4E39 /* LockedInApp.swift */,
				40A77A532F3CD49800BC4E39 /* Locked_INApp.swift */,
			);
			path = App;
			sourceTree = "<group>";
		};
		40A77A3B2F3CD39800BC4E39 /* Components */ = {
			isa = PBXGroup;
			children = (
				40A77A382F3CD39800BC4E39 /* GlassCard.swift */,
				40A77A392F3CD39800BC4E39 /* PrimaryButton.swift */,
				40A77A3A2F3CD39800BC4E39 /* ProgressIndicator.swift */,
				40A77A702F3D300000BC4E39 /* NonNegotiableCard.swift */,
			);
			path = Components;
			sourceTree = "<group>";
		};
		40A77A3D2F3CD39800BC4E39 /* Theme */ = {
			isa = PBXGroup;
			children = (
				40A77A3C2F3CD39800BC4E39 /* Theme.swift */,
			);
			path = Theme;
			sourceTree = "<group>";
		};
		40A77A3E2F3CD39800BC4E39 /* Core */ = {
			isa = PBXGroup;
			children = (
				40A77A3B2F3CD39800BC4E39 /* Components */,
				40A77A3D2F3CD39800BC4E39 /* Theme */,
				40A77A842F3DA40000BC4E39 /* Services */,
			);
			path = Core;
			sourceTree = "<group>";
		};
		40A77A402F3CD39800BC4E39 /* Models */ = {
			isa = PBXGroup;
			children = (
			);
			path = Models;
			sourceTree = "<group>";
		};
		40A77A422F3CD39800BC4E39 /* ViewModels */ = {
			isa = PBXGroup;
			children = (
				40A77A642F3CF00000BC4E39 /* OnboardingShellViewModel.swift */,
			);
			path = ViewModels;
			sourceTree = "<group>";
		};
		40A77A442F3CD39800BC4E39 /* Views */ = {
			isa = PBXGroup;
			children = (
				40A77A622F3CF00000BC4E39 /* OnboardingShellView.swift */,
				40A77A662F3CF00000BC4E39 /* IdentityWarningContentView.swift */,
				40A77A682F3CF00000BC4E39 /* FailureLoopContentView.swift */,
				40A77A6A2F3D000000BC4E39 /* CoreDifferentiationContentView.swift */,
				40A77A6C2F3D100000BC4E39 /* UserHistoryContentView.swift */,
				40A77A6E2F3D200000BC4E39 /* NonNegotiablesContentView.swift */,
				40A77A722F3D400000BC4E39 /* CreateNonNegotiableContentView.swift */,
				40A77A742F3D500000BC4E39 /* AIRegulatorContentView.swift */,
				40A77A762F3D600000BC4E39 /* CommitmentAgreementContentView.swift */,
				40A77A7A2F3D900000BC4E39 /* PaywallContentView.swift */,
			);
			path = Views;
			sourceTree = "<group>";
		};
		40A77A452F3CD39800BC4E39 /* Onboarding */ = {
			isa = PBXGroup;
			children = (
				40A77A402F3CD39800BC4E39 /* Models */,
				40A77A422F3CD39800BC4E39 /* ViewModels */,
				40A77A442F3CD39800BC4E39 /* Views */,
			);
			path = Onboarding;
			sourceTree = "<group>";
		};
		40A77A462F3CD39800BC4E39 /* Features */ = {
			isa = PBXGroup;
			children = (
				40A77A452F3CD39800BC4E39 /* Onboarding */,
			);
			path = Features;
			sourceTree = "<group>";
		};
		40A77A852F3DA50000BC4E39 /* Domain */ = {
			isa = PBXGroup;
			children = (
				40A77A862F3DA60000BC4E39 /* Models */,
				40A77A872F3DA70000BC4E39 /* Engines */,
			);
			path = Domain;
			sourceTree = "<group>";
		};
		40A77A862F3DA60000BC4E39 /* Models */ = {
			isa = PBXGroup;
			children = (
				40A77A7D2F3DA00000BC4E39 /* OnboardingStep.swift */,
				40A77A7F2F3DA10000BC4E39 /* OnboardingData.swift */,
			);
			path = Models;
			sourceTree = "<group>";
		};
		40A77A872F3DA70000BC4E39 /* Engines */ = {
			isa = PBXGroup;
			children = (
				40A77A812F3DA20000BC4E39 /* OnboardingEngine.swift */,
				40A77A892F3DB10000BC4E39 /* OnboardingFlow.swift */,
			);
			path = Engines;
			sourceTree = "<group>";
		};
		40A77A842F3DA40000BC4E39 /* Services */ = {
			isa = PBXGroup;
			children = (
				40A77A832F3DA30000BC4E39 /* AIServiceProtocol.swift */,
			);
			path = Services;
			sourceTree = "<group>";
		};
		40A77A472F3CD39800BC4E39 /* LockedIn */ = {
			isa = PBXGroup;
			children = (
				40A77A372F3CD39800BC4E39 /* App */,
				40A77A3E2F3CD39800BC4E39 /* Core */,
				40A77A462F3CD39800BC4E39 /* Features */,
				40A77A852F3DA50000BC4E39 /* Domain */,
				40A77A882F3DB00000BC4E39 /* Resources */,
			);
			path = LockedIn;
			sourceTree = "<group>";
		};
		40A77A882F3DB00000BC4E39 /* Resources */ = {
			isa = PBXGroup;
			children = (
				40A77A5A2F3CD80000BC4E39 /* Assets.xcassets */,
				40A77A782F3D700000BC4E39 /* Fonts/Inter-VariableFont_opsz,wght.ttf */,
				40A77A792F3D800000BC4E39 /* Info.plist */,
			);
			name = Resources;
			path = LockedIn/Resources;
			sourceTree = SOURCE_ROOT;
		};
/* End PBXGroup section */

/* Begin PBXNativeTarget section */
		40A779F12F3CCA1E00BC4E39 /* LockedIn */ = {
			isa = PBXNativeTarget;
			buildConfigurationList = 40A779FF2F3CCA1F00BC4E39 /* Build configuration list for PBXNativeTarget "LockedIn" */;
			buildPhases = (
				40A779EE2F3CCA1E00BC4E39 /* Sources */,
				40A779EF2F3CCA1E00BC4E39 /* Frameworks */,
				40A779F02F3CCA1E00BC4E39 /* Resources */,
			);
			buildRules = (
			);
			dependencies = (
			);
			name = LockedIn;
			packageProductDependencies = (
			);
			productName = LockedIn;
			productReference = 40A779F22F3CCA1E00BC4E39 /* LockedIn.app */;
			productType = "com.apple.product-type.application";
		};
/* End PBXNativeTarget section */

/* Begin PBXProject section */
		40A779EA2F3CCA1E00BC4E39 /* Project object */ = {
			isa = PBXProject;
			attributes = {
				BuildIndependentTargetsInParallel = 1;
				LastSwiftUpdateCheck = 2620;
				LastUpgradeCheck = 2620;
				TargetAttributes = {
					40A779F12F3CCA1E00BC4E39 = {
						CreatedOnToolsVersion = 26.2;
					};
				};
			};
			buildConfigurationList = 40A779ED2F3CCA1E00BC4E39 /* Build configuration list for PBXProject "Locked IN" */;
			developmentRegion = en;
			hasScannedForEncodings = 0;
			knownRegions = (
				en,
				Base,
			);
			mainGroup = 40A779E92F3CCA1E00BC4E39;
			minimizedProjectReferenceProxies = 1;
			preferredProjectObjectVersion = 77;
			productRefGroup = 40A779F32F3CCA1E00BC4E39 /* Products */;
			projectDirPath = "";
			projectRoot = "";
			targets = (
				40A779F12F3CCA1E00BC4E39 /* LockedIn */,
			);
		};
/* End PBXProject section */

/* Begin PBXResourcesBuildPhase section */
		40A779F02F3CCA1E00BC4E39 /* Resources */ = {
			isa = PBXResourcesBuildPhase;
			buildActionMask = 2147483647;
			files = (
				40A77A592F3CD80000BC4E39 /* Assets.xcassets in Resources */,
				40A77A772F3D700000BC4E39 /* Fonts/Inter-VariableFont_opsz,wght.ttf in Resources */,
			);
			runOnlyForDeploymentPostprocessing = 0;
		};
/* End PBXResourcesBuildPhase section */

/* Begin PBXSourcesBuildPhase section */
		40A779EE2F3CCA1E00BC4E39 /* Sources */ = {
			isa = PBXSourcesBuildPhase;
			buildActionMask = 2147483647;
			files = (
				40A77A482F3CD39800BC4E39 /* GlassCard.swift in Sources */,
				40A77A492F3CD39800BC4E39 /* ProgressIndicator.swift in Sources */,
				40A77A6F2F3D300000BC4E39 /* NonNegotiableCard.swift in Sources */,
				40A77A4B2F3CD39800BC4E39 /* LockedInApp.swift in Sources */,
				40A77A4C2F3CD39800BC4E39 /* PrimaryButton.swift in Sources */,
				40A77A542F3CD49800BC4E39 /* Locked_INApp.swift in Sources */,
				40A77A612F3CF00000BC4E39 /* OnboardingShellView.swift in Sources */,
				40A77A632F3CF00000BC4E39 /* OnboardingShellViewModel.swift in Sources */,
				40A77A652F3CF00000BC4E39 /* IdentityWarningContentView.swift in Sources */,
				40A77A672F3CF00000BC4E39 /* FailureLoopContentView.swift in Sources */,
				40A77A692F3D000000BC4E39 /* CoreDifferentiationContentView.swift in Sources */,
				40A77A6B2F3D100000BC4E39 /* UserHistoryContentView.swift in Sources */,
				40A77A6D2F3D200000BC4E39 /* NonNegotiablesContentView.swift in Sources */,
				40A77A712F3D400000BC4E39 /* CreateNonNegotiableContentView.swift in Sources */,
				40A77A732F3D500000BC4E39 /* AIRegulatorContentView.swift in Sources */,
				40A77A752F3D600000BC4E39 /* CommitmentAgreementContentView.swift in Sources */,
				40A77A7B2F3D900000BC4E39 /* PaywallContentView.swift in Sources */,
				40A77A4F2F3CD39800BC4E39 /* Theme.swift in Sources */,
				40A77A7C2F3DA00000BC4E39 /* OnboardingStep.swift in Sources */,
				40A77A7E2F3DA10000BC4E39 /* OnboardingData.swift in Sources */,
				40A77A802F3DA20000BC4E39 /* OnboardingEngine.swift in Sources */,
				40A77A822F3DA30000BC4E39 /* AIServiceProtocol.swift in Sources */,
				40A77A8D2F3DB10000BC4E39 /* OnboardingFlow.swift in Sources */,
				40A77A8E2F3DB20000BC4E39 /* UserHistoryViewModel.swift in Sources */,
				40A77A8F2F3DB30000BC4E39 /* CreateNonNegotiableViewModel.swift in Sources */,
				40A77A902F3DB40000BC4E39 /* CommitmentAgreementViewModel.swift in Sources */,
				40A77A912F3DB50000BC4E39 /* OnboardingPresentationConfig.swift in Sources */,
			);
			runOnlyForDeploymentPostprocessing = 0;
		};
/* End PBXSourcesBuildPhase section */

/* Begin XCBuildConfiguration section */
		40A779FD2F3CCA1F00BC4E39 /* Debug */ = {
			isa = XCBuildConfiguration;
			buildSettings = {
				ALWAYS_SEARCH_USER_PATHS = NO;
				ASSETCATALOG_COMPILER_GENERATE_SWIFT_ASSET_SYMBOL_EXTENSIONS = YES;
				CLANG_ANALYZER_NONNULL = YES;
				CLANG_ANALYZER_NUMBER_OBJECT_CONVERSION = YES_AGGRESSIVE;
				CLANG_CXX_LANGUAGE_STANDARD = "gnu++20";
				CLANG_ENABLE_MODULES = YES;
				CLANG_ENABLE_OBJC_ARC = YES;
				CLANG_ENABLE_OBJC_WEAK = YES;
				CLANG_WARN_BLOCK_CAPTURE_AUTORELEASING = YES;
				CLANG_WARN_BOOL_CONVERSION = YES;
				CLANG_WARN_COMMA = YES;
				CLANG_WARN_CONSTANT_CONVERSION = YES;
				CLANG_WARN_DEPRECATED_OBJC_IMPLEMENTATIONS = YES;
				CLANG_WARN_DIRECT_OBJC_ISA_USAGE = YES_ERROR;
				CLANG_WARN_DOCUMENTATION_COMMENTS = YES;
				CLANG_WARN_EMPTY_BODY = YES;
				CLANG_WARN_ENUM_CONVERSION = YES;
				CLANG_WARN_INFINITE_RECURSION = YES;
				CLANG_WARN_INT_CONVERSION = YES;
				CLANG_WARN_NON_LITERAL_NULL_CONVERSION = YES;
				CLANG_WARN_OBJC_IMPLICIT_RETAIN_SELF = YES;
				CLANG_WARN_OBJC_LITERAL_CONVERSION = YES;
				CLANG_WARN_OBJC_ROOT_CLASS = YES_ERROR;
				CLANG_WARN_QUOTED_INCLUDE_IN_FRAMEWORK_HEADER = YES;
				CLANG_WARN_RANGE_LOOP_ANALYSIS = YES;
				CLANG_WARN_STRICT_PROTOTYPES = YES;
				CLANG_WARN_SUSPICIOUS_MOVE = YES;
				CLANG_WARN_UNGUARDED_AVAILABILITY = YES_AGGRESSIVE;
				CLANG_WARN_UNREACHABLE_CODE = YES;
				CLANG_WARN__DUPLICATE_METHOD_MATCH = YES;
				COPY_PHASE_STRIP = NO;
				DEBUG_INFORMATION_FORMAT = dwarf;
				DEVELOPMENT_TEAM = 2A6452539P;
				ENABLE_STRICT_OBJC_MSGSEND = YES;
				ENABLE_TESTABILITY = YES;
				ENABLE_USER_SCRIPT_SANDBOXING = YES;
				GCC_C_LANGUAGE_STANDARD = gnu17;
				GCC_DYNAMIC_NO_PIC = NO;
				GCC_NO_COMMON_BLOCKS = YES;
				GCC_OPTIMIZATION_LEVEL = 0;
				GCC_PREPROCESSOR_DEFINITIONS = (
					"DEBUG=1",
					"$(inherited)",
				);
				GCC_WARN_64_TO_32_BIT_CONVERSION = YES;
				GCC_WARN_ABOUT_RETURN_TYPE = YES_ERROR;
				GCC_WARN_UNDECLARED_SELECTOR = YES;
				GCC_WARN_UNINITIALIZED_AUTOS = YES_AGGRESSIVE;
				GCC_WARN_UNUSED_FUNCTION = YES;
				GCC_WARN_UNUSED_VARIABLE = YES;
				IPHONEOS_DEPLOYMENT_TARGET = 26.2;
				LOCALIZATION_PREFERS_STRING_CATALOGS = YES;
				MTL_ENABLE_DEBUG_INFO = INCLUDE_SOURCE;
				MTL_FAST_MATH = YES;
				ONLY_ACTIVE_ARCH = YES;
				SDKROOT = iphoneos;
				SWIFT_ACTIVE_COMPILATION_CONDITIONS = "DEBUG $(inherited)";
				SWIFT_OPTIMIZATION_LEVEL = "-Onone";
			};
			name = Debug;
		};
		40A779FE2F3CCA1F00BC4E39 /* Release */ = {
			isa = XCBuildConfiguration;
			buildSettings = {
				ALWAYS_SEARCH_USER_PATHS = NO;
				ASSETCATALOG_COMPILER_GENERATE_SWIFT_ASSET_SYMBOL_EXTENSIONS = YES;
				CLANG_ANALYZER_NONNULL = YES;
				CLANG_ANALYZER_NUMBER_OBJECT_CONVERSION = YES_AGGRESSIVE;
				CLANG_CXX_LANGUAGE_STANDARD = "gnu++20";
				CLANG_ENABLE_MODULES = YES;
				CLANG_ENABLE_OBJC_ARC = YES;
				CLANG_ENABLE_OBJC_WEAK = YES;
				CLANG_WARN_BLOCK_CAPTURE_AUTORELEASING = YES;
				CLANG_WARN_BOOL_CONVERSION = YES;
				CLANG_WARN_COMMA = YES;
				CLANG_WARN_CONSTANT_CONVERSION = YES;
				CLANG_WARN_DEPRECATED_OBJC_IMPLEMENTATIONS = YES;
				CLANG_WARN_DIRECT_OBJC_ISA_USAGE = YES_ERROR;
				CLANG_WARN_DOCUMENTATION_COMMENTS = YES;
				CLANG_WARN_EMPTY_BODY = YES;
				CLANG_WARN_ENUM_CONVERSION = YES;
				CLANG_WARN_INFINITE_RECURSION = YES;
				CLANG_WARN_INT_CONVERSION = YES;
				CLANG_WARN_NON_LITERAL_NULL_CONVERSION = YES;
				CLANG_WARN_OBJC_IMPLICIT_RETAIN_SELF = YES;
				CLANG_WARN_OBJC_LITERAL_CONVERSION = YES;
				CLANG_WARN_OBJC_ROOT_CLASS = YES_ERROR;
				CLANG_WARN_QUOTED_INCLUDE_IN_FRAMEWORK_HEADER = YES;
				CLANG_WARN_RANGE_LOOP_ANALYSIS = YES;
				CLANG_WARN_STRICT_PROTOTYPES = YES;
				CLANG_WARN_SUSPICIOUS_MOVE = YES;
				CLANG_WARN_UNGUARDED_AVAILABILITY = YES_AGGRESSIVE;
				CLANG_WARN_UNREACHABLE_CODE = YES;
				CLANG_WARN__DUPLICATE_METHOD_MATCH = YES;
				COPY_PHASE_STRIP = NO;
				DEBUG_INFORMATION_FORMAT = "dwarf-with-dsym";
				DEVELOPMENT_TEAM = 2A6452539P;
				ENABLE_NS_ASSERTIONS = NO;
				ENABLE_STRICT_OBJC_MSGSEND = YES;
				ENABLE_USER_SCRIPT_SANDBOXING = YES;
				GCC_C_LANGUAGE_STANDARD = gnu17;
				GCC_NO_COMMON_BLOCKS = YES;
				GCC_WARN_64_TO_32_BIT_CONVERSION = YES;
				GCC_WARN_ABOUT_RETURN_TYPE = YES_ERROR;
				GCC_WARN_UNDECLARED_SELECTOR = YES;
				GCC_WARN_UNINITIALIZED_AUTOS = YES_AGGRESSIVE;
				GCC_WARN_UNUSED_FUNCTION = YES;
				GCC_WARN_UNUSED_VARIABLE = YES;
				IPHONEOS_DEPLOYMENT_TARGET = 26.2;
				LOCALIZATION_PREFERS_STRING_CATALOGS = YES;
				MTL_ENABLE_DEBUG_INFO = NO;
				MTL_FAST_MATH = YES;
				SDKROOT = iphoneos;
				SWIFT_COMPILATION_MODE = wholemodule;
				VALIDATE_PRODUCT = YES;
			};
			name = Release;
		};
		40A77A002F3CCA1F00BC4E39 /* Debug */ = {
			isa = XCBuildConfiguration;
			buildSettings = {
				ASSETCATALOG_COMPILER_APPICON_NAME = AppIcon;
				ASSETCATALOG_COMPILER_GLOBAL_ACCENT_COLOR_NAME = AccentColor;
				CODE_SIGN_IDENTITY = "Apple Development";
				CODE_SIGN_STYLE = Automatic;
				CURRENT_PROJECT_VERSION = 1;
				DEVELOPMENT_TEAM = 2A6452539P;
				ENABLE_PREVIEWS = YES;
				GENERATE_INFOPLIST_FILE = NO;
				INFOPLIST_FILE = "LockedIn/Resources/Info.plist";
				INFOPLIST_KEY_UIApplicationSceneManifest_Generation = YES;
				INFOPLIST_KEY_UIApplicationSupportsIndirectInputEvents = YES;
				INFOPLIST_KEY_UILaunchScreen_Generation = YES;
				INFOPLIST_KEY_UISupportedInterfaceOrientations_iPad = "UIInterfaceOrientationPortrait UIInterfaceOrientationPortraitUpsideDown UIInterfaceOrientationLandscapeLeft UIInterfaceOrientationLandscapeRight";
				INFOPLIST_KEY_UISupportedInterfaceOrientations_iPhone = "UIInterfaceOrientationPortrait UIInterfaceOrientationLandscapeLeft UIInterfaceOrientationLandscapeRight";
				IPHONEOS_DEPLOYMENT_TARGET = 15.6;
				LD_RUNPATH_SEARCH_PATHS = (
					"$(inherited)",
					"@executable_path/Frameworks",
				);
				MARKETING_VERSION = 1.0;
				PRODUCT_BUNDLE_IDENTIFIER = "Epistles-of-Wisdom.LockedIn";
				PRODUCT_NAME = LockedIn;
				PROVISIONING_PROFILE_SPECIFIER = "";
				STRING_CATALOG_GENERATE_SYMBOLS = YES;
				SWIFT_APPROACHABLE_CONCURRENCY = YES;
				SWIFT_DEFAULT_ACTOR_ISOLATION = MainActor;
				SWIFT_EMIT_LOC_STRINGS = YES;
				SWIFT_UPCOMING_FEATURE_MEMBER_IMPORT_VISIBILITY = YES;
				SWIFT_VERSION = 5.0;
				TARGETED_DEVICE_FAMILY = "1,2";
			};
			name = Debug;
		};
		40A77A012F3CCA1F00BC4E39 /* Release */ = {
			isa = XCBuildConfiguration;
			buildSettings = {
				ASSETCATALOG_COMPILER_APPICON_NAME = AppIcon;
				ASSETCATALOG_COMPILER_GLOBAL_ACCENT_COLOR_NAME = AccentColor;
				CODE_SIGN_IDENTITY = "Apple Development";
				CODE_SIGN_STYLE = Automatic;
				CURRENT_PROJECT_VERSION = 1;
				DEVELOPMENT_TEAM = 2A6452539P;
				ENABLE_PREVIEWS = YES;
				GENERATE_INFOPLIST_FILE = NO;
				INFOPLIST_FILE = "LockedIn/Resources/Info.plist";
				INFOPLIST_KEY_UIApplicationSceneManifest_Generation = YES;
				INFOPLIST_KEY_UIApplicationSupportsIndirectInputEvents = YES;
				INFOPLIST_KEY_UILaunchScreen_Generation = YES;
				INFOPLIST_KEY_UISupportedInterfaceOrientations_iPad = "UIInterfaceOrientationPortrait UIInterfaceOrientationPortraitUpsideDown UIInterfaceOrientationLandscapeLeft UIInterfaceOrientationLandscapeRight";
				INFOPLIST_KEY_UISupportedInterfaceOrientations_iPhone = "UIInterfaceOrientationPortrait UIInterfaceOrientationLandscapeLeft UIInterfaceOrientationLandscapeRight";
				IPHONEOS_DEPLOYMENT_TARGET = 15.6;
				LD_RUNPATH_SEARCH_PATHS = (
					"$(inherited)",
					"@executable_path/Frameworks",
				);
				MARKETING_VERSION = 1.0;
				PRODUCT_BUNDLE_IDENTIFIER = "Epistles-of-Wisdom.LockedIn";
				PRODUCT_NAME = LockedIn;
				PROVISIONING_PROFILE_SPECIFIER = "";
				STRING_CATALOG_GENERATE_SYMBOLS = YES;
				SWIFT_APPROACHABLE_CONCURRENCY = YES;
				SWIFT_DEFAULT_ACTOR_ISOLATION = MainActor;
				SWIFT_EMIT_LOC_STRINGS = YES;
				SWIFT_UPCOMING_FEATURE_MEMBER_IMPORT_VISIBILITY = YES;
				SWIFT_VERSION = 5.0;
				TARGETED_DEVICE_FAMILY = "1,2";
			};
			name = Release;
		};
/* End XCBuildConfiguration section */

/* Begin XCConfigurationList section */
		40A779ED2F3CCA1E00BC4E39 /* Build configuration list for PBXProject "Locked IN" */ = {
			isa = XCConfigurationList;
			buildConfigurations = (
				40A779FD2F3CCA1F00BC4E39 /* Debug */,
				40A779FE2F3CCA1F00BC4E39 /* Release */,
			);
			defaultConfigurationIsVisible = 0;
			defaultConfigurationName = Release;
		};
		40A779FF2F3CCA1F00BC4E39 /* Build configuration list for PBXNativeTarget "LockedIn" */ = {
			isa = XCConfigurationList;
			buildConfigurations = (
				40A77A002F3CCA1F00BC4E39 /* Debug */,
				40A77A012F3CCA1F00BC4E39 /* Release */,
			);
			defaultConfigurationIsVisible = 0;
			defaultConfigurationName = Release;
		};
/* End XCConfigurationList section */
	};
	rootObject = 40A779EA2F3CCA1E00BC4E39 /* Project object */;
}
